
Microsoft Visual Studio Solution File, Format Version 12.00
# Visual Studio 15
Project("{FAE04EC0-301F-11D3-BF4B-00C04F79EFBC}") = "ContosoUniversity", "ContosoUniversity\ContosoUniversity.csproj", "{FD81CCA7-150C-4212-9EB9-FF48B07F45CC}"
EndProject
Global
	GlobalSection(SolutionConfigurationPlatforms) = preSolution
		Debug|Any CPU = Debug|Any CPU
		Release|Any CPU = Release|Any CPU
	EndGlobalSection
	GlobalSection(ProjectConfigurationPlatforms) = postSolution
		{FD81CCA7-150C-4212-9EB9-FF48B07F45CC}.Debug|Any CPU.ActiveCfg = Debug|Any CPU
		{FD81CCA7-150C-4212-9EB9-FF48B07F45CC}.Debug|Any CPU.Build.0 = Debug|Any CPU
		{FD81CCA7-150C-4212-9EB9-FF48B07F45CC}.Release|Any CPU.ActiveCfg = Release|Any CPU
		{FD81CCA7-150C-4212-9EB9-FF48B07F45CC}.Release|Any CPU.Build.0 = Release|Any CPU
	EndGlobalSection
EndGlobal
