
Microsoft Visual Studio Solution File, Format Version 12.00
# Visual Studio 15
Project("{FAE04EC0-301F-11D3-BF4B-00C04F79EFBC}") = "TextTemplates", "TextTemplates\TextTemplates.csproj", "{8D96FE7D-5B5B-4B03-BEB2-40B504506F37}"
EndProject
Global
	GlobalSection(SolutionConfigurationPlatforms) = preSolution
		Debug|x86 = Debug|x86
		Release|x86 = Release|x86
	EndGlobalSection
	GlobalSection(ProjectConfigurationPlatforms) = postSolution
		{8D96FE7D-5B5B-4B03-BEB2-40B504506F37}.Debug|x86.ActiveCfg = Debug|x86
		{8D96FE7D-5B5B-4B03-BEB2-40B504506F37}.Debug|x86.Build.0 = Debug|x86
		{8D96FE7D-5B5B-4B03-BEB2-40B504506F37}.Release|x86.ActiveCfg = Release|x86
		{8D96FE7D-5B5B-4B03-BEB2-40B504506F37}.Release|x86.Build.0 = Release|x86
	EndGlobalSection
EndGlobal
